// !$*UTF8*$!
{
	archiveVersion = 1;
	classes = {
	};
	objectVersion = 56;
	objects = {

/* Begin PBXBuildFile section */
		67F33B052AA7110300192372 /* MyFirstSwiftUIAppApp.swift in Sources */ = {isa = PBXBuildFile; fileRef = 67F33B042AA7110300192372 /* MyFirstSwiftUIAppApp.swift */; };
		67F33B072AA7110300192372 /* ContentView.swift in Sources */ = {isa = PBXBuildFile; fileRef = 67F33B062AA7110300192372 /* ContentView.swift */; };
		67F33B092AA7110400192372 /* Assets.xcassets in Resources */ = {isa = PBXBuildFile; fileRef = 67F33B082AA7110400192372 /* Assets.xcassets */; };
		67F33B0C2AA7110400192372 /* Preview Assets.xcassets in Resources */ = {isa = PBXBuildFile; fileRef = 67F33B0B2AA7110400192372 /* Preview Assets.xcassets */; };
		67F33B332AA71BB200192372 /* BorderedCaption.swift in Sources */ = {isa = PBXBuildFile; fileRef = 67F33B322AA71BB200192372 /* BorderedCaption.swift */; };
		67F33B372AA71C2A00192372 /* BorderedCaptionView.swift in Sources */ = {isa = PBXBuildFile; fileRef = 67F33B362AA71C2A00192372 /* BorderedCaptionView.swift */; };
		67F33B392AA71E4B00192372 /* View+Extensions.swift in Sources */ = {isa = PBXBuildFile; fileRef = 67F33B382AA71E4B00192372 /* View+Extensions.swift */; };
		67F33B632AA9B37000192372 /* VStackWithForeachView.swift in Sources */ = {isa = PBXBuildFile; fileRef = 67F33B622AA9B37000192372 /* VStackWithForeachView.swift */; };
		67F33B652AA9B4E000192372 /* ZstackExample.swift in Sources */ = {isa = PBXBuildFile; fileRef = 67F33B642AA9B4E000192372 /* ZstackExample.swift */; };
/* End PBXBuildFile section */

/* Begin PBXFileReference section */
		67F33B012AA7110300192372 /* MyFirstSwiftUIApp.app */ = {isa = PBXFileReference; explicitFileType = wrapper.application; includeInIndex = 0; path = MyFirstSwiftUIApp.app; sourceTree = BUILT_PRODUCTS_DIR; };
		67F33B042AA7110300192372 /* MyFirstSwiftUIAppApp.swift */ = {isa = PBXFileReference; lastKnownFileType = sourcecode.swift; path = MyFirstSwiftUIAppApp.swift; sourceTree = "<group>"; };
		67F33B062AA7110300192372 /* ContentView.swift */ = {isa = PBXFileReference; lastKnownFileType = sourcecode.swift; path = ContentView.swift; sourceTree = "<group>"; };
		67F33B082AA7110400192372 /* Assets.xcassets */ = {isa = PBXFileReference; lastKnownFileType = folder.assetcatalog; path = Assets.xcassets; sourceTree = "<group>"; };
		67F33B0B2AA7110400192372 /* Preview Assets.xcassets */ = {isa = PBXFileReference; lastKnownFileType = folder.assetcatalog; path = "Preview Assets.xcassets"; sourceTree = "<group>"; };
		67F33B322AA71BB200192372 /* BorderedCaption.swift */ = {isa = PBXFileReference; lastKnownFileType = sourcecode.swift; path = BorderedCaption.swift; sourceTree = "<group>"; };
		67F33B362AA71C2A00192372 /* BorderedCaptionView.swift */ = {isa = PBXFileReference; lastKnownFileType = sourcecode.swift; path = BorderedCaptionView.swift; sourceTree = "<group>"; };
		67F33B382AA71E4B00192372 /* View+Extensions.swift */ = {isa = PBXFileReference; lastKnownFileType = sourcecode.swift; path = "View+Extensions.swift"; sourceTree = "<group>"; };
		67F33B622AA9B37000192372 /* VStackWithForeachView.swift */ = {isa = PBXFileReference; lastKnownFileType = sourcecode.swift; path = VStackWithForeachView.swift; sourceTree = "<group>"; };
		67F33B642AA9B4E000192372 /* ZstackExample.swift */ = {isa = PBXFileReference; lastKnownFileType = sourcecode.swift; path = ZstackExample.swift; sourceTree = "<group>"; };
/* End PBXFileReference section */

/* Begin PBXFrameworksBuildPhase section */
		67F33AFE2AA7110300192372 /* Frameworks */ = {
			isa = PBXFrameworksBuildPhase;
			buildActionMask = 2147483647;
			files = (
			);
			runOnlyForDeploymentPostprocessing = 0;
		};
/* End PBXFrameworksBuildPhase section */

/* Begin PBXGroup section */
		67F33AF82AA7110300192372 = {
			isa = PBXGroup;
			children = (
				67F33B032AA7110300192372 /* MyFirstSwiftUIApp */,
				67F33B022AA7110300192372 /* Products */,
			);
			sourceTree = "<group>";
		};
		67F33B022AA7110300192372 /* Products */ = {
			isa = PBXGroup;
			children = (
				67F33B012AA7110300192372 /* MyFirstSwiftUIApp.app */,
			);
			name = Products;
			sourceTree = "<group>";
		};
		67F33B032AA7110300192372 /* MyFirstSwiftUIApp */ = {
			isa = PBXGroup;
			children = (
				67F33B042AA7110300192372 /* MyFirstSwiftUIAppApp.swift */,
				67F33B062AA7110300192372 /* ContentView.swift */,
				67F33B362AA71C2A00192372 /* BorderedCaptionView.swift */,
				67F33B082AA7110400192372 /* Assets.xcassets */,
				67F33B0A2AA7110400192372 /* Preview Content */,
				67F33B322AA71BB200192372 /* BorderedCaption.swift */,
				67F33B382AA71E4B00192372 /* View+Extensions.swift */,
				67F33B622AA9B37000192372 /* VStackWithForeachView.swift */,
				67F33B642AA9B4E000192372 /* ZstackExample.swift */,
			);
			path = MyFirstSwiftUIApp;
			sourceTree = "<group>";
		};
		67F33B0A2AA7110400192372 /* Preview Content */ = {
			isa = PBXGroup;
			children = (
				67F33B0B2AA7110400192372 /* Preview Assets.xcassets */,
			);
			path = "Preview Content";
			sourceTree = "<group>";
		};
/* End PBXGroup section */

/* Begin PBXNativeTarget section */
		67F33B002AA7110300192372 /* MyFirstSwiftUIApp */ = {
			isa = PBXNativeTarget;
			buildConfigurationList = 67F33B0F2AA7110400192372 /* Build configuration list for PBXNativeTarget "MyFirstSwiftUIApp" */;
			buildPhases = (
				67F33AFD2AA7110300192372 /* Sources */,
				67F33AFE2AA7110300192372 /* Frameworks */,
				67F33AFF2AA7110300192372 /* Resources */,
			);
			buildRules = (
			);
			dependencies = (
			);
			name = MyFirstSwiftUIApp;
			productName = MyFirstSwiftUIApp;
			productReference = 67F33B012AA7110300192372 /* MyFirstSwiftUIApp.app */;
			productType = "com.apple.product-type.application";
		};
/* End PBXNativeTarget section */

/* Begin PBXProject section */
		67F33AF92AA7110300192372 /* Project object */ = {
			isa = PBXProject;
			attributes = {
				BuildIndependentTargetsInParallel = 1;
				LastSwiftUpdateCheck = 1430;
				LastUpgradeCheck = 1430;
				TargetAttributes = {
					67F33B002AA7110300192372 = {
						CreatedOnToolsVersion = 14.3.1;
					};
				};
			};
			buildConfigurationList = 67F33AFC2AA7110300192372 /* Build configuration list for PBXProject "MyFirstSwiftUIApp" */;
			compatibilityVersion = "Xcode 14.0";
			developmentRegion = en;
			hasScannedForEncodings = 0;
			knownRegions = (
				en,
				Base,
			);
			mainGroup = 67F33AF82AA7110300192372;
			productRefGroup = 67F33B022AA7110300192372 /* Products */;
			projectDirPath = "";
			projectRoot = "";
			targets = (
				67F33B002AA7110300192372 /* MyFirstSwiftUIApp */,
			);
		};
/* End PBXProject section */

/* Begin PBXResourcesBuildPhase section */
		67F33AFF2AA7110300192372 /* Resources */ = {
			isa = PBXResourcesBuildPhase;
			buildActionMask = 2147483647;
			files = (
				67F33B0C2AA7110400192372 /* Preview Assets.xcassets in Resources */,
				67F33B092AA7110400192372 /* Assets.xcassets in Resources */,
			);
			runOnlyForDeploymentPostprocessing = 0;
		};
/* End PBXResourcesBuildPhase section */

/* Begin PBXSourcesBuildPhase section */
		67F33AFD2AA7110300192372 /* Sources */ = {
			isa = PBXSourcesBuildPhase;
			buildActionMask = 2147483647;
			files = (
				67F33B372AA71C2A00192372 /* BorderedCaptionView.swift in Sources */,
				67F33B632AA9B37000192372 /* VStackWithForeachView.swift in Sources */,
				67F33B332AA71BB200192372 /* BorderedCaption.swift in Sources */,
				67F33B072AA7110300192372 /* ContentView.swift in Sources */,
				67F33B052AA7110300192372 /* MyFirstSwiftUIAppApp.swift in Sources */,
				67F33B392AA71E4B00192372 /* View+Extensions.swift in Sources */,
				67F33B652AA9B4E000192372 /* ZstackExample.swift in Sources */,
			);
			runOnlyForDeploymentPostprocessing = 0;
		};
/* End PBXSourcesBuildPhase section */

/* Begin XCBuildConfiguration section */
		67F33B0D2AA7110400192372 /* Debug */ = {
			isa = XCBuildConfiguration;
			buildSettings = {
				ALWAYS_SEARCH_USER_PATHS = NO;
				CLANG_ANALYZER_NONNULL = YES;
				CLANG_ANALYZER_NUMBER_OBJECT_CONVERSION = YES_AGGRESSIVE;
				CLANG_CXX_LANGUAGE_STANDARD = "gnu++20";
				CLANG_ENABLE_MODULES = YES;
				CLANG_ENABLE_OBJC_ARC = YES;
				CLANG_ENABLE_OBJC_WEAK = YES;
				CLANG_WARN_BLOCK_CAPTURE_AUTORELEASING = YES;
				CLANG_WARN_BOOL_CONVERSION = YES;
				CLANG_WARN_COMMA = YES;
				CLANG_WARN_CONSTANT_CONVERSION = YES;
				CLANG_WARN_DEPRECATED_OBJC_IMPLEMENTATIONS = YES;
				CLANG_WARN_DIRECT_OBJC_ISA_USAGE = YES_ERROR;
				CLANG_WARN_DOCUMENTATION_COMMENTS = YES;
				CLANG_WARN_EMPTY_BODY = YES;
				CLANG_WARN_ENUM_CONVERSION = YES;
				CLANG_WARN_INFINITE_RECURSION = YES;
				CLANG_WARN_INT_CONVERSION = YES;
				CLANG_WARN_NON_LITERAL_NULL_CONVERSION = YES;
				CLANG_WARN_OBJC_IMPLICIT_RETAIN_SELF = YES;
				CLANG_WARN_OBJC_LITERAL_CONVERSION = YES;
				CLANG_WARN_OBJC_ROOT_CLASS = YES_ERROR;
				CLANG_WARN_QUOTED_INCLUDE_IN_FRAMEWORK_HEADER = YES;
				CLANG_WARN_RANGE_LOOP_ANALYSIS = YES;
				CLANG_WARN_STRICT_PROTOTYPES = YES;
				CLANG_WARN_SUSPICIOUS_MOVE = YES;
				CLANG_WARN_UNGUARDED_AVAILABILITY = YES_AGGRESSIVE;
				CLANG_WARN_UNREACHABLE_CODE = YES;
				CLANG_WARN__DUPLICATE_METHOD_MATCH = YES;
				COPY_PHASE_STRIP = NO;
				DEBUG_INFORMATION_FORMAT = dwarf;
				ENABLE_STRICT_OBJC_MSGSEND = YES;
				ENABLE_TESTABILITY = YES;
				GCC_C_LANGUAGE_STANDARD = gnu11;
				GCC_DYNAMIC_NO_PIC = NO;
				GCC_NO_COMMON_BLOCKS = YES;
				GCC_OPTIMIZATION_LEVEL = 0;
				GCC_PREPROCESSOR_DEFINITIONS = (
					"DEBUG=1",
					"$(inherited)",
				);
				GCC_WARN_64_TO_32_BIT_CONVERSION = YES;
				GCC_WARN_ABOUT_RETURN_TYPE = YES_ERROR;
				GCC_WARN_UNDECLARED_SELECTOR = YES;
				GCC_WARN_UNINITIALIZED_AUTOS = YES_AGGRESSIVE;
				GCC_WARN_UNUSED_FUNCTION = YES;
				GCC_WARN_UNUSED_VARIABLE = YES;
				IPHONEOS_DEPLOYMENT_TARGET = 16.4;
				MTL_ENABLE_DEBUG_INFO = INCLUDE_SOURCE;
				MTL_FAST_MATH = YES;
				ONLY_ACTIVE_ARCH = YES;
				SDKROOT = iphoneos;
				SWIFT_ACTIVE_COMPILATION_CONDITIONS = DEBUG;
				SWIFT_OPTIMIZATION_LEVEL = "-Onone";
			};
			name = Debug;
		};
		67F33B0E2AA7110400192372 /* Release */ = {
			isa = XCBuildConfiguration;
			buildSettings = {
				ALWAYS_SEARCH_USER_PATHS = NO;
				CLANG_ANALYZER_NONNULL = YES;
				CLANG_ANALYZER_NUMBER_OBJECT_CONVERSION = YES_AGGRESSIVE;
				CLANG_CXX_LANGUAGE_STANDARD = "gnu++20";
				CLANG_ENABLE_MODULES = YES;
				CLANG_ENABLE_OBJC_ARC = YES;
				CLANG_ENABLE_OBJC_WEAK = YES;
				CLANG_WARN_BLOCK_CAPTURE_AUTORELEASING = YES;
				CLANG_WARN_BOOL_CONVERSION = YES;
				CLANG_WARN_COMMA = YES;
				CLANG_WARN_CONSTANT_CONVERSION = YES;
				CLANG_WARN_DEPRECATED_OBJC_IMPLEMENTATIONS = YES;
				CLANG_WARN_DIRECT_OBJC_ISA_USAGE = YES_ERROR;
				CLANG_WARN_DOCUMENTATION_COMMENTS = YES;
				CLANG_WARN_EMPTY_BODY = YES;
				CLANG_WARN_ENUM_CONVERSION = YES;
				CLANG_WARN_INFINITE_RECURSION = YES;
				CLANG_WARN_INT_CONVERSION = YES;
				CLANG_WARN_NON_LITERAL_NULL_CONVERSION = YES;
				CLANG_WARN_OBJC_IMPLICIT_RETAIN_SELF = YES;
				CLANG_WARN_OBJC_LITERAL_CONVERSION = YES;
				CLANG_WARN_OBJC_ROOT_CLASS = YES_ERROR;
				CLANG_WARN_QUOTED_INCLUDE_IN_FRAMEWORK_HEADER = YES;
				CLANG_WARN_RANGE_LOOP_ANALYSIS = YES;
				CLANG_WARN_STRICT_PROTOTYPES = YES;
				CLANG_WARN_SUSPICIOUS_MOVE = YES;
				CLANG_WARN_UNGUARDED_AVAILABILITY = YES_AGGRESSIVE;
				CLANG_WARN_UNREACHABLE_CODE = YES;
				CLANG_WARN__DUPLICATE_METHOD_MATCH = YES;
				COPY_PHASE_STRIP = NO;
				DEBUG_INFORMATION_FORMAT = "dwarf-with-dsym";
				ENABLE_NS_ASSERTIONS = NO;
				ENABLE_STRICT_OBJC_MSGSEND = YES;
				GCC_C_LANGUAGE_STANDARD = gnu11;
				GCC_NO_COMMON_BLOCKS = YES;
				GCC_WARN_64_TO_32_BIT_CONVERSION = YES;
				GCC_WARN_ABOUT_RETURN_TYPE = YES_ERROR;
				GCC_WARN_UNDECLARED_SELECTOR = YES;
				GCC_WARN_UNINITIALIZED_AUTOS = YES_AGGRESSIVE;
				GCC_WARN_UNUSED_FUNCTION = YES;
				GCC_WARN_UNUSED_VARIABLE = YES;
				IPHONEOS_DEPLOYMENT_TARGET = 16.4;
				MTL_ENABLE_DEBUG_INFO = NO;
				MTL_FAST_MATH = YES;
				SDKROOT = iphoneos;
				SWIFT_COMPILATION_MODE = wholemodule;
				SWIFT_OPTIMIZATION_LEVEL = "-O";
				VALIDATE_PRODUCT = YES;
			};
			name = Release;
		};
		67F33B102AA7110400192372 /* Debug */ = {
			isa = XCBuildConfiguration;
			buildSettings = {
				ASSETCATALOG_COMPILER_APPICON_NAME = AppIcon;
				ASSETCATALOG_COMPILER_GLOBAL_ACCENT_COLOR_NAME = AccentColor;
				CODE_SIGN_STYLE = Automatic;
				CURRENT_PROJECT_VERSION = 1;
				DEVELOPMENT_ASSET_PATHS = "\"MyFirstSwiftUIApp/Preview Content\"";
				ENABLE_PREVIEWS = YES;
				GENERATE_INFOPLIST_FILE = YES;
				INFOPLIST_KEY_UIApplicationSceneManifest_Generation = YES;
				INFOPLIST_KEY_UIApplicationSupportsIndirectInputEvents = YES;
				INFOPLIST_KEY_UILaunchScreen_Generation = YES;
				INFOPLIST_KEY_UISupportedInterfaceOrientations_iPad = "UIInterfaceOrientationPortrait UIInterfaceOrientationPortraitUpsideDown UIInterfaceOrientationLandscapeLeft UIInterfaceOrientationLandscapeRight";
				INFOPLIST_KEY_UISupportedInterfaceOrientations_iPhone = "UIInterfaceOrientationPortrait UIInterfaceOrientationLandscapeLeft UIInterfaceOrientationLandscapeRight";
				LD_RUNPATH_SEARCH_PATHS = (
					"$(inherited)",
					"@executable_path/Frameworks",
				);
				MARKETING_VERSION = 1.0;
				PRODUCT_BUNDLE_IDENTIFIER = com.cognizant.MyFirstSwiftUIApp;
				PRODUCT_NAME = "$(TARGET_NAME)";
				SWIFT_EMIT_LOC_STRINGS = YES;
				SWIFT_VERSION = 5.0;
				TARGETED_DEVICE_FAMILY = "1,2";
			};
			name = Debug;
		};
		67F33B112AA7110400192372 /* Release */ = {
			isa = XCBuildConfiguration;
			buildSettings = {
				ASSETCATALOG_COMPILER_APPICON_NAME = AppIcon;
				ASSETCATALOG_COMPILER_GLOBAL_ACCENT_COLOR_NAME = AccentColor;
				CODE_SIGN_STYLE = Automatic;
				CURRENT_PROJECT_VERSION = 1;
				DEVELOPMENT_ASSET_PATHS = "\"MyFirstSwiftUIApp/Preview Content\"";
				ENABLE_PREVIEWS = YES;
				GENERATE_INFOPLIST_FILE = YES;
				INFOPLIST_KEY_UIApplicationSceneManifest_Generation = YES;
				INFOPLIST_KEY_UIApplicationSupportsIndirectInputEvents = YES;
				INFOPLIST_KEY_UILaunchScreen_Generation = YES;
				INFOPLIST_KEY_UISupportedInterfaceOrientations_iPad = "UIInterfaceOrientationPortrait UIInterfaceOrientationPortraitUpsideDown UIInterfaceOrientationLandscapeLeft UIInterfaceOrientationLandscapeRight";
				INFOPLIST_KEY_UISupportedInterfaceOrientations_iPhone = "UIInterfaceOrientationPortrait UIInterfaceOrientationLandscapeLeft UIInterfaceOrientationLandscapeRight";
				LD_RUNPATH_SEARCH_PATHS = (
					"$(inherited)",
					"@executable_path/Frameworks",
				);
				MARKETING_VERSION = 1.0;
				PRODUCT_BUNDLE_IDENTIFIER = com.cognizant.MyFirstSwiftUIApp;
				PRODUCT_NAME = "$(TARGET_NAME)";
				SWIFT_EMIT_LOC_STRINGS = YES;
				SWIFT_VERSION = 5.0;
				TARGETED_DEVICE_FAMILY = "1,2";
			};
			name = Release;
		};
/* End XCBuildConfiguration section */

/* Begin XCConfigurationList section */
		67F33AFC2AA7110300192372 /* Build configuration list for PBXProject "MyFirstSwiftUIApp" */ = {
			isa = XCConfigurationList;
			buildConfigurations = (
				67F33B0D2AA7110400192372 /* Debug */,
				67F33B0E2AA7110400192372 /* Release */,
			);
			defaultConfigurationIsVisible = 0;
			defaultConfigurationName = Release;
		};
		67F33B0F2AA7110400192372 /* Build configuration list for PBXNativeTarget "MyFirstSwiftUIApp" */ = {
			isa = XCConfigurationList;
			buildConfigurations = (
				67F33B102AA7110400192372 /* Debug */,
				67F33B112AA7110400192372 /* Release */,
			);
			defaultConfigurationIsVisible = 0;
			defaultConfigurationName = Release;
		};
/* End XCConfigurationList section */
	};
	rootObject = 67F33AF92AA7110300192372 /* Project object */;
}
